# THIS IS AN AUTOGENERATED FILE. DO NOT EDIT THIS FILE DIRECTLY.
# yarn lockfile v1


mongose@^0.0.2-security:
  version "0.0.2-security"
  resolved "https://registry.yarnpkg.com/mongose/-/mongose-0.0.2-security.tgz#34640fa153c935371993ad8c0cc1a96f35f8be9b"
  integrity sha512-XJUBQHhC/12+hWtrcB1Ww+gkxSzbxg4VdjpNlBQGvFoyPm1bErhA+3n/IkWbGCkavFB1OSycpvpCRphPsZXgLw==
